
Microsoft Visual Studio Solution File, Format Version 12.00
# Visual Studio Version 17
VisualStudioVersion = 17.11.34909.67
MinimumVisualStudioVersion = 10.0.40219.1
Project("{FAE04EC0-301F-11D3-BF4B-00C04F79EFBC}") = "MauiApp1", "MauiApp1\MauiApp1.csproj", "{D2F06C82-B1C5-4A39-A249-B7F8DFFE722F}"
EndProject
Global
	GlobalSection(SolutionConfigurationPlatforms) = preSolution
		Debug|Any CPU = Debug|Any CPU
		Release|Any CPU = Release|Any CPU
	EndGlobalSection
	GlobalSection(ProjectConfigurationPlatforms) = postSolution
		{D2F06C82-B1C5-4A39-A249-B7F8DFFE722F}.Debug|Any CPU.ActiveCfg = Debug|Any CPU
		{D2F06C82-B1C5-4A39-A249-B7F8DFFE722F}.Debug|Any CPU.Build.0 = Debug|Any CPU
		{D2F06C82-B1C5-4A39-A249-B7F8DFFE722F}.Debug|Any CPU.Deploy.0 = Debug|Any CPU
		{D2F06C82-B1C5-4A39-A249-B7F8DFFE722F}.Release|Any CPU.ActiveCfg = Release|Any CPU
		{D2F06C82-B1C5-4A39-A249-B7F8DFFE722F}.Release|Any CPU.Build.0 = Release|Any CPU
		{D2F06C82-B1C5-4A39-A249-B7F8DFFE722F}.Release|Any CPU.Deploy.0 = Release|Any CPU
	EndGlobalSection
	GlobalSection(SolutionProperties) = preSolution
		HideSolutionNode = FALSE
	EndGlobalSection
	GlobalSection(ExtensibilityGlobals) = postSolution
		SolutionGuid = {8EBE16AA-B90B-4302-BA19-FA5062E70808}
	EndGlobalSection
EndGlobal
